// !$*UTF8*$!
{
	archiveVersion = 1;
	classes = {
	};
	objectVersion = 50;
	objects = {

/* Begin PBXBuildFile section */
		0F22526E3C19373F13202996 /* Pods_ChatApp.framework in Frameworks */ = {isa = PBXBuildFile; fileRef = 8EABBFE6730C91BCFEB53A41 /* Pods_ChatApp.framework */; };
		6C0D31A020DD8E0A001B27F9 /* AppDelegate.swift in Sources */ = {isa = PBXBuildFile; fileRef = 6C0D319F20DD8E0A001B27F9 /* AppDelegate.swift */; };
		6C0D31A220DD8E0A001B27F9 /* MessagesController.swift in Sources */ = {isa = PBXBuildFile; fileRef = 6C0D31A120DD8E0A001B27F9 /* MessagesController.swift */; };
		6C0D31A520DD8E0A001B27F9 /* Main.storyboard in Resources */ = {isa = PBXBuildFile; fileRef = 6C0D31A320DD8E0A001B27F9 /* Main.storyboard */; };
		6C0D31A820DD8E0A001B27F9 /* ChatApp.xcdatamodeld in Sources */ = {isa = PBXBuildFile; fileRef = 6C0D31A620DD8E0A001B27F9 /* ChatApp.xcdatamodeld */; };
		6C0D31AA20DD8E14001B27F9 /* Assets.xcassets in Resources */ = {isa = PBXBuildFile; fileRef = 6C0D31A920DD8E14001B27F9 /* Assets.xcassets */; };
		6C0D31AD20DD8E14001B27F9 /* LaunchScreen.storyboard in Resources */ = {isa = PBXBuildFile; fileRef = 6C0D31AB20DD8E14001B27F9 /* LaunchScreen.storyboard */; };
		6C0D31B620DD9151001B27F9 /* LoginViewController.swift in Sources */ = {isa = PBXBuildFile; fileRef = 6C0D31B520DD9151001B27F9 /* LoginViewController.swift */; };
		6C397B1E20EF6CA900E514A1 /* Message.swift in Sources */ = {isa = PBXBuildFile; fileRef = 6C397B1D20EF6CA900E514A1 /* Message.swift */; };
		6C397B2020EF71A900E514A1 /* ChatMessageCell.swift in Sources */ = {isa = PBXBuildFile; fileRef = 6C397B1F20EF71A900E514A1 /* ChatMessageCell.swift */; };
		6C3A04E120DD966A00DB848A /* UIColor.swift in Sources */ = {isa = PBXBuildFile; fileRef = 6C3A04E020DD966A00DB848A /* UIColor.swift */; };
		6C569CB220EC0127008C3F40 /* ChatLogController.swift in Sources */ = {isa = PBXBuildFile; fileRef = 6C569CB120EC0127008C3F40 /* ChatLogController.swift */; };
		6C60390520DE3BFE0041A404 /* GoogleService-Info.plist in Resources */ = {isa = PBXBuildFile; fileRef = 6C60390420DE3BFD0041A404 /* GoogleService-Info.plist */; };
		6C8D3C9B20E028A200897CA0 /* NewMessageController.swift in Sources */ = {isa = PBXBuildFile; fileRef = 6C8D3C9A20E028A200897CA0 /* NewMessageController.swift */; };
		6C8D3C9D20E03D5600897CA0 /* User.swift in Sources */ = {isa = PBXBuildFile; fileRef = 6C8D3C9C20E03D5600897CA0 /* User.swift */; };
		6C8D3C9F20E041B400897CA0 /* UserCell.swift in Sources */ = {isa = PBXBuildFile; fileRef = 6C8D3C9E20E041B400897CA0 /* UserCell.swift */; };
		6C93522C20E1665F00948619 /* LoginViewControllerHandler.swift in Sources */ = {isa = PBXBuildFile; fileRef = 6C93522B20E1665F00948619 /* LoginViewControllerHandler.swift */; };
		6CD5354A20E6733800300509 /* Extentions.swift in Sources */ = {isa = PBXBuildFile; fileRef = 6CD5354920E6733800300509 /* Extentions.swift */; };
/* End PBXBuildFile section */

/* Begin PBXFileReference section */
		68461C42459AFFA9C9CD0BBE /* Pods-ChatApp.release.xcconfig */ = {isa = PBXFileReference; includeInIndex = 1; lastKnownFileType = text.xcconfig; name = "Pods-ChatApp.release.xcconfig"; path = "Pods/Target Support Files/Pods-ChatApp/Pods-ChatApp.release.xcconfig"; sourceTree = "<group>"; };
		6C0D319C20DD8E0A001B27F9 /* ChatApp.app */ = {isa = PBXFileReference; explicitFileType = wrapper.application; includeInIndex = 0; path = ChatApp.app; sourceTree = BUILT_PRODUCTS_DIR; };
		6C0D319F20DD8E0A001B27F9 /* AppDelegate.swift */ = {isa = PBXFileReference; lastKnownFileType = sourcecode.swift; path = AppDelegate.swift; sourceTree = "<group>"; };
		6C0D31A120DD8E0A001B27F9 /* MessagesController.swift */ = {isa = PBXFileReference; lastKnownFileType = sourcecode.swift; path = MessagesController.swift; sourceTree = "<group>"; };
		6C0D31A420DD8E0A001B27F9 /* Base */ = {isa = PBXFileReference; lastKnownFileType = file.storyboard; name = Base; path = Base.lproj/Main.storyboard; sourceTree = "<group>"; };
		6C0D31A720DD8E0A001B27F9 /* ChatApp.xcdatamodel */ = {isa = PBXFileReference; lastKnownFileType = wrapper.xcdatamodel; path = ChatApp.xcdatamodel; sourceTree = "<group>"; };
		6C0D31A920DD8E14001B27F9 /* Assets.xcassets */ = {isa = PBXFileReference; lastKnownFileType = folder.assetcatalog; path = Assets.xcassets; sourceTree = "<group>"; };
		6C0D31AC20DD8E14001B27F9 /* Base */ = {isa = PBXFileReference; lastKnownFileType = file.storyboard; name = Base; path = Base.lproj/LaunchScreen.storyboard; sourceTree = "<group>"; };
		6C0D31AE20DD8E14001B27F9 /* Info.plist */ = {isa = PBXFileReference; lastKnownFileType = text.plist.xml; path = Info.plist; sourceTree = "<group>"; };
		6C0D31B520DD9151001B27F9 /* LoginViewController.swift */ = {isa = PBXFileReference; lastKnownFileType = sourcecode.swift; path = LoginViewController.swift; sourceTree = "<group>"; };
		6C397B1D20EF6CA900E514A1 /* Message.swift */ = {isa = PBXFileReference; lastKnownFileType = sourcecode.swift; path = Message.swift; sourceTree = "<group>"; };
		6C397B1F20EF71A900E514A1 /* ChatMessageCell.swift */ = {isa = PBXFileReference; lastKnownFileType = sourcecode.swift; path = ChatMessageCell.swift; sourceTree = "<group>"; };
		6C3A04E020DD966A00DB848A /* UIColor.swift */ = {isa = PBXFileReference; lastKnownFileType = sourcecode.swift; path = UIColor.swift; sourceTree = "<group>"; };
		6C569CB120EC0127008C3F40 /* ChatLogController.swift */ = {isa = PBXFileReference; lastKnownFileType = sourcecode.swift; path = ChatLogController.swift; sourceTree = "<group>"; };
		6C60390420DE3BFD0041A404 /* GoogleService-Info.plist */ = {isa = PBXFileReference; fileEncoding = 4; lastKnownFileType = text.plist.xml; name = "GoogleService-Info.plist"; path = "../../../GoogleService-Info.plist"; sourceTree = "<group>"; };
		6C8D3C9A20E028A200897CA0 /* NewMessageController.swift */ = {isa = PBXFileReference; lastKnownFileType = sourcecode.swift; path = NewMessageController.swift; sourceTree = "<group>"; };
		6C8D3C9C20E03D5600897CA0 /* User.swift */ = {isa = PBXFileReference; lastKnownFileType = sourcecode.swift; path = User.swift; sourceTree = "<group>"; };
		6C8D3C9E20E041B400897CA0 /* UserCell.swift */ = {isa = PBXFileReference; lastKnownFileType = sourcecode.swift; path = UserCell.swift; sourceTree = "<group>"; };
		6C93522B20E1665F00948619 /* LoginViewControllerHandler.swift */ = {isa = PBXFileReference; lastKnownFileType = sourcecode.swift; path = LoginViewControllerHandler.swift; sourceTree = "<group>"; };
		6CD5354920E6733800300509 /* Extentions.swift */ = {isa = PBXFileReference; lastKnownFileType = sourcecode.swift; path = Extentions.swift; sourceTree = "<group>"; };
		8EABBFE6730C91BCFEB53A41 /* Pods_ChatApp.framework */ = {isa = PBXFileReference; explicitFileType = wrapper.framework; includeInIndex = 0; path = Pods_ChatApp.framework; sourceTree = BUILT_PRODUCTS_DIR; };
		BABF1F553F860D12D86F1CB5 /* Pods-ChatApp.debug.xcconfig */ = {isa = PBXFileReference; includeInIndex = 1; lastKnownFileType = text.xcconfig; name = "Pods-ChatApp.debug.xcconfig"; path = "Pods/Target Support Files/Pods-ChatApp/Pods-ChatApp.debug.xcconfig"; sourceTree = "<group>"; };
/* End PBXFileReference section */

/* Begin PBXFrameworksBuildPhase section */
		6C0D319920DD8E0A001B27F9 /* Frameworks */ = {
			isa = PBXFrameworksBuildPhase;
			buildActionMask = 2147483647;
			files = (
				0F22526E3C19373F13202996 /* Pods_ChatApp.framework in Frameworks */,
			);
			runOnlyForDeploymentPostprocessing = 0;
		};
/* End PBXFrameworksBuildPhase section */

/* Begin PBXGroup section */
		591E49A3286D0FE6CC1AA1E8 /* Frameworks */ = {
			isa = PBXGroup;
			children = (
				8EABBFE6730C91BCFEB53A41 /* Pods_ChatApp.framework */,
			);
			name = Frameworks;
			sourceTree = "<group>";
		};
		6C0D319320DD8E0A001B27F9 = {
			isa = PBXGroup;
			children = (
				6C0D319E20DD8E0A001B27F9 /* ChatApp */,
				6C0D319D20DD8E0A001B27F9 /* Products */,
				8A1033E0566B5D84B391FD17 /* Pods */,
				591E49A3286D0FE6CC1AA1E8 /* Frameworks */,
			);
			sourceTree = "<group>";
		};
		6C0D319D20DD8E0A001B27F9 /* Products */ = {
			isa = PBXGroup;
			children = (
				6C0D319C20DD8E0A001B27F9 /* ChatApp.app */,
			);
			name = Products;
			sourceTree = "<group>";
		};
		6C0D319E20DD8E0A001B27F9 /* ChatApp */ = {
			isa = PBXGroup;
			children = (
				6CD5354820E672F200300509 /* Helpers */,
				6CED346120E25AFC009C6EE2 /* UICell */,
				6CED346020E25AE8009C6EE2 /* UIColor */,
				6CED345F20E25AC0009C6EE2 /* Model */,
				6C0D31B420DD9127001B27F9 /* Controllers */,
				6C0D319F20DD8E0A001B27F9 /* AppDelegate.swift */,
				6C0D31A320DD8E0A001B27F9 /* Main.storyboard */,
				6C0D31A920DD8E14001B27F9 /* Assets.xcassets */,
				6C0D31AB20DD8E14001B27F9 /* LaunchScreen.storyboard */,
				6C0D31AE20DD8E14001B27F9 /* Info.plist */,
				6C60390420DE3BFD0041A404 /* GoogleService-Info.plist */,
				6C0D31A620DD8E0A001B27F9 /* ChatApp.xcdatamodeld */,
				9570572C22FAD9968500FE5D /* VC */,
			);
			path = ChatApp;
			sourceTree = "<group>";
		};
		6C0D31B420DD9127001B27F9 /* Controllers */ = {
			isa = PBXGroup;
			children = (
				6C0D31A120DD8E0A001B27F9 /* MessagesController.swift */,
				6C0D31B520DD9151001B27F9 /* LoginViewController.swift */,
				6C8D3C9A20E028A200897CA0 /* NewMessageController.swift */,
				6C93522B20E1665F00948619 /* LoginViewControllerHandler.swift */,
				6C569CB120EC0127008C3F40 /* ChatLogController.swift */,
			);
			path = Controllers;
			sourceTree = "<group>";
		};
		6CD5354820E672F200300509 /* Helpers */ = {
			isa = PBXGroup;
			children = (
				6CD5354920E6733800300509 /* Extentions.swift */,
			);
			path = Helpers;
			sourceTree = "<group>";
		};
		6CED345F20E25AC0009C6EE2 /* Model */ = {
			isa = PBXGroup;
			children = (
				6C8D3C9C20E03D5600897CA0 /* User.swift */,
				6C397B1D20EF6CA900E514A1 /* Message.swift */,
			);
			path = Model;
			sourceTree = "<group>";
		};
		6CED346020E25AE8009C6EE2 /* UIColor */ = {
			isa = PBXGroup;
			children = (
				6C3A04E020DD966A00DB848A /* UIColor.swift */,
			);
			path = UIColor;
			sourceTree = "<group>";
		};
		6CED346120E25AFC009C6EE2 /* UICell */ = {
			isa = PBXGroup;
			children = (
				6C8D3C9E20E041B400897CA0 /* UserCell.swift */,
				6C397B1F20EF71A900E514A1 /* ChatMessageCell.swift */,
			);
			path = UICell;
			sourceTree = "<group>";
		};
		8A1033E0566B5D84B391FD17 /* Pods */ = {
			isa = PBXGroup;
			children = (
				BABF1F553F860D12D86F1CB5 /* Pods-ChatApp.debug.xcconfig */,
				68461C42459AFFA9C9CD0BBE /* Pods-ChatApp.release.xcconfig */,
			);
			name = Pods;
			sourceTree = "<group>";
		};
		9570572C22FAD9968500FE5D /* VC */ = {
			isa = PBXGroup;
			children = (
			);
			path = VC;
			sourceTree = "<group>";
		};
/* End PBXGroup section */

/* Begin PBXNativeTarget section */
		6C0D319B20DD8E0A001B27F9 /* ChatApp */ = {
			isa = PBXNativeTarget;
			buildConfigurationList = 6C0D31B120DD8E14001B27F9 /* Build configuration list for PBXNativeTarget "ChatApp" */;
			buildPhases = (
				CB20681934B984102B367720 /* [CP] Check Pods Manifest.lock */,
				6C0D319820DD8E0A001B27F9 /* Sources */,
				6C0D319920DD8E0A001B27F9 /* Frameworks */,
				6C0D319A20DD8E0A001B27F9 /* Resources */,
				62A4F84FEDA8C28F1B596E50 /* [CP] Embed Pods Frameworks */,
			);
			buildRules = (
			);
			dependencies = (
			);
			name = ChatApp;
			productName = ChatApp;
			productReference = 6C0D319C20DD8E0A001B27F9 /* ChatApp.app */;
			productType = "com.apple.product-type.application";
		};
/* End PBXNativeTarget section */

/* Begin PBXProject section */
		6C0D319420DD8E0A001B27F9 /* Project object */ = {
			isa = PBXProject;
			attributes = {
				LastSwiftUpdateCheck = 0940;
				LastUpgradeCheck = 0940;
				ORGANIZATIONNAME = "Вячеслав Лойе";
				TargetAttributes = {
					6C0D319B20DD8E0A001B27F9 = {
						CreatedOnToolsVersion = 9.4.1;
					};
				};
			};
			buildConfigurationList = 6C0D319720DD8E0A001B27F9 /* Build configuration list for PBXProject "ChatApp" */;
			compatibilityVersion = "Xcode 9.3";
			developmentRegion = en;
			hasScannedForEncodings = 0;
			knownRegions = (
				en,
				Base,
			);
			mainGroup = 6C0D319320DD8E0A001B27F9;
			productRefGroup = 6C0D319D20DD8E0A001B27F9 /* Products */;
			projectDirPath = "";
			projectRoot = "";
			targets = (
				6C0D319B20DD8E0A001B27F9 /* ChatApp */,
			);
		};
/* End PBXProject section */

/* Begin PBXResourcesBuildPhase section */
		6C0D319A20DD8E0A001B27F9 /* Resources */ = {
			isa = PBXResourcesBuildPhase;
			buildActionMask = 2147483647;
			files = (
				6C0D31AD20DD8E14001B27F9 /* LaunchScreen.storyboard in Resources */,
				6C60390520DE3BFE0041A404 /* GoogleService-Info.plist in Resources */,
				6C0D31AA20DD8E14001B27F9 /* Assets.xcassets in Resources */,
				6C0D31A520DD8E0A001B27F9 /* Main.storyboard in Resources */,
			);
			runOnlyForDeploymentPostprocessing = 0;
		};
/* End PBXResourcesBuildPhase section */

/* Begin PBXShellScriptBuildPhase section */
		62A4F84FEDA8C28F1B596E50 /* [CP] Embed Pods Frameworks */ = {
			isa = PBXShellScriptBuildPhase;
			buildActionMask = 2147483647;
			files = (
			);
			inputPaths = (
				"${SRCROOT}/Pods/Target Support Files/Pods-ChatApp/Pods-ChatApp-frameworks.sh",
				"${BUILT_PRODUCTS_DIR}/GTMSessionFetcher/GTMSessionFetcher.framework",
				"${BUILT_PRODUCTS_DIR}/GoogleToolboxForMac/GoogleToolboxForMac.framework",
				"${BUILT_PRODUCTS_DIR}/leveldb-library/leveldb.framework",
				"${BUILT_PRODUCTS_DIR}/nanopb/nanopb.framework",
			);
			name = "[CP] Embed Pods Frameworks";
			outputPaths = (
				"${TARGET_BUILD_DIR}/${FRAMEWORKS_FOLDER_PATH}/GTMSessionFetcher.framework",
				"${TARGET_BUILD_DIR}/${FRAMEWORKS_FOLDER_PATH}/GoogleToolboxForMac.framework",
				"${TARGET_BUILD_DIR}/${FRAMEWORKS_FOLDER_PATH}/leveldb.framework",
				"${TARGET_BUILD_DIR}/${FRAMEWORKS_FOLDER_PATH}/nanopb.framework",
			);
			runOnlyForDeploymentPostprocessing = 0;
			shellPath = /bin/sh;
			shellScript = "\"${SRCROOT}/Pods/Target Support Files/Pods-ChatApp/Pods-ChatApp-frameworks.sh\"\n";
			showEnvVarsInLog = 0;
		};
		CB20681934B984102B367720 /* [CP] Check Pods Manifest.lock */ = {
			isa = PBXShellScriptBuildPhase;
			buildActionMask = 2147483647;
			files = (
			);
			inputPaths = (
				"${PODS_PODFILE_DIR_PATH}/Podfile.lock",
				"${PODS_ROOT}/Manifest.lock",
			);
			name = "[CP] Check Pods Manifest.lock";
			outputPaths = (
				"$(DERIVED_FILE_DIR)/Pods-ChatApp-checkManifestLockResult.txt",
			);
			runOnlyForDeploymentPostprocessing = 0;
			shellPath = /bin/sh;
			shellScript = "diff \"${PODS_PODFILE_DIR_PATH}/Podfile.lock\" \"${PODS_ROOT}/Manifest.lock\" > /dev/null\nif [ $? != 0 ] ; then\n    # print error to STDERR\n    echo \"error: The sandbox is not in sync with the Podfile.lock. Run 'pod install' or update your CocoaPods installation.\" >&2\n    exit 1\nfi\n# This output is used by Xcode 'outputs' to avoid re-running this script phase.\necho \"SUCCESS\" > \"${SCRIPT_OUTPUT_FILE_0}\"\n";
			showEnvVarsInLog = 0;
		};
/* End PBXShellScriptBuildPhase section */

/* Begin PBXSourcesBuildPhase section */
		6C0D319820DD8E0A001B27F9 /* Sources */ = {
			isa = PBXSourcesBuildPhase;
			buildActionMask = 2147483647;
			files = (
				6C8D3C9F20E041B400897CA0 /* UserCell.swift in Sources */,
				6C0D31B620DD9151001B27F9 /* LoginViewController.swift in Sources */,
				6CD5354A20E6733800300509 /* Extentions.swift in Sources */,
				6C93522C20E1665F00948619 /* LoginViewControllerHandler.swift in Sources */,
				6C0D31A820DD8E0A001B27F9 /* ChatApp.xcdatamodeld in Sources */,
				6C569CB220EC0127008C3F40 /* ChatLogController.swift in Sources */,
				6C397B2020EF71A900E514A1 /* ChatMessageCell.swift in Sources */,
				6C8D3C9B20E028A200897CA0 /* NewMessageController.swift in Sources */,
				6C0D31A220DD8E0A001B27F9 /* MessagesController.swift in Sources */,
				6C0D31A020DD8E0A001B27F9 /* AppDelegate.swift in Sources */,
				6C397B1E20EF6CA900E514A1 /* Message.swift in Sources */,
				6C3A04E120DD966A00DB848A /* UIColor.swift in Sources */,
				6C8D3C9D20E03D5600897CA0 /* User.swift in Sources */,
			);
			runOnlyForDeploymentPostprocessing = 0;
		};
/* End PBXSourcesBuildPhase section */

/* Begin PBXVariantGroup section */
		6C0D31A320DD8E0A001B27F9 /* Main.storyboard */ = {
			isa = PBXVariantGroup;
			children = (
				6C0D31A420DD8E0A001B27F9 /* Base */,
			);
			name = Main.storyboard;
			sourceTree = "<group>";
		};
		6C0D31AB20DD8E14001B27F9 /* LaunchScreen.storyboard */ = {
			isa = PBXVariantGroup;
			children = (
				6C0D31AC20DD8E14001B27F9 /* Base */,
			);
			name = LaunchScreen.storyboard;
			sourceTree = "<group>";
		};
/* End PBXVariantGroup section */

/* Begin XCBuildConfiguration section */
		6C0D31AF20DD8E14001B27F9 /* Debug */ = {
			isa = XCBuildConfiguration;
			buildSettings = {
				ALWAYS_SEARCH_USER_PATHS = NO;
				CLANG_ANALYZER_NONNULL = YES;
				CLANG_ANALYZER_NUMBER_OBJECT_CONVERSION = YES_AGGRESSIVE;
				CLANG_CXX_LANGUAGE_STANDARD = "gnu++14";
				CLANG_CXX_LIBRARY = "libc++";
				CLANG_ENABLE_MODULES = YES;
				CLANG_ENABLE_OBJC_ARC = YES;
				CLANG_ENABLE_OBJC_WEAK = YES;
				CLANG_WARN_BLOCK_CAPTURE_AUTORELEASING = YES;
				CLANG_WARN_BOOL_CONVERSION = YES;
				CLANG_WARN_COMMA = YES;
				CLANG_WARN_CONSTANT_CONVERSION = YES;
				CLANG_WARN_DEPRECATED_OBJC_IMPLEMENTATIONS = YES;
				CLANG_WARN_DIRECT_OBJC_ISA_USAGE = YES_ERROR;
				CLANG_WARN_DOCUMENTATION_COMMENTS = YES;
				CLANG_WARN_EMPTY_BODY = YES;
				CLANG_WARN_ENUM_CONVERSION = YES;
				CLANG_WARN_INFINITE_RECURSION = YES;
				CLANG_WARN_INT_CONVERSION = YES;
				CLANG_WARN_NON_LITERAL_NULL_CONVERSION = YES;
				CLANG_WARN_OBJC_IMPLICIT_RETAIN_SELF = YES;
				CLANG_WARN_OBJC_LITERAL_CONVERSION = YES;
				CLANG_WARN_OBJC_ROOT_CLASS = YES_ERROR;
				CLANG_WARN_RANGE_LOOP_ANALYSIS = YES;
				CLANG_WARN_STRICT_PROTOTYPES = YES;
				CLANG_WARN_SUSPICIOUS_MOVE = YES;
				CLANG_WARN_UNGUARDED_AVAILABILITY = YES_AGGRESSIVE;
				CLANG_WARN_UNREACHABLE_CODE = YES;
				CLANG_WARN__DUPLICATE_METHOD_MATCH = YES;
				CODE_SIGN_IDENTITY = "iPhone Developer";
				COPY_PHASE_STRIP = NO;
				DEBUG_INFORMATION_FORMAT = dwarf;
				ENABLE_STRICT_OBJC_MSGSEND = YES;
				ENABLE_TESTABILITY = YES;
				GCC_C_LANGUAGE_STANDARD = gnu11;
				GCC_DYNAMIC_NO_PIC = NO;
				GCC_NO_COMMON_BLOCKS = YES;
				GCC_OPTIMIZATION_LEVEL = 0;
				GCC_PREPROCESSOR_DEFINITIONS = (
					"DEBUG=1",
					"$(inherited)",
				);
				GCC_WARN_64_TO_32_BIT_CONVERSION = YES;
				GCC_WARN_ABOUT_RETURN_TYPE = YES_ERROR;
				GCC_WARN_UNDECLARED_SELECTOR = YES;
				GCC_WARN_UNINITIALIZED_AUTOS = YES_AGGRESSIVE;
				GCC_WARN_UNUSED_FUNCTION = YES;
				GCC_WARN_UNUSED_VARIABLE = YES;
				IPHONEOS_DEPLOYMENT_TARGET = 11.4;
				MTL_ENABLE_DEBUG_INFO = YES;
				ONLY_ACTIVE_ARCH = YES;
				SDKROOT = iphoneos;
				SWIFT_ACTIVE_COMPILATION_CONDITIONS = DEBUG;
				SWIFT_OPTIMIZATION_LEVEL = "-Onone";
			};
			name = Debug;
		};
		6C0D31B020DD8E14001B27F9 /* Release */ = {
			isa = XCBuildConfiguration;
			buildSettings = {
				ALWAYS_SEARCH_USER_PATHS = NO;
				CLANG_ANALYZER_NONNULL = YES;
				CLANG_ANALYZER_NUMBER_OBJECT_CONVERSION = YES_AGGRESSIVE;
				CLANG_CXX_LANGUAGE_STANDARD = "gnu++14";
				CLANG_CXX_LIBRARY = "libc++";
				CLANG_ENABLE_MODULES = YES;
				CLANG_ENABLE_OBJC_ARC = YES;
				CLANG_ENABLE_OBJC_WEAK = YES;
				CLANG_WARN_BLOCK_CAPTURE_AUTORELEASING = YES;
				CLANG_WARN_BOOL_CONVERSION = YES;
				CLANG_WARN_COMMA = YES;
				CLANG_WARN_CONSTANT_CONVERSION = YES;
				CLANG_WARN_DEPRECATED_OBJC_IMPLEMENTATIONS = YES;
				CLANG_WARN_DIRECT_OBJC_ISA_USAGE = YES_ERROR;
				CLANG_WARN_DOCUMENTATION_COMMENTS = YES;
				CLANG_WARN_EMPTY_BODY = YES;
				CLANG_WARN_ENUM_CONVERSION = YES;
				CLANG_WARN_INFINITE_RECURSION = YES;
				CLANG_WARN_INT_CONVERSION = YES;
				CLANG_WARN_NON_LITERAL_NULL_CONVERSION = YES;
				CLANG_WARN_OBJC_IMPLICIT_RETAIN_SELF = YES;
				CLANG_WARN_OBJC_LITERAL_CONVERSION = YES;
				CLANG_WARN_OBJC_ROOT_CLASS = YES_ERROR;
				CLANG_WARN_RANGE_LOOP_ANALYSIS = YES;
				CLANG_WARN_STRICT_PROTOTYPES = YES;
				CLANG_WARN_SUSPICIOUS_MOVE = YES;
				CLANG_WARN_UNGUARDED_AVAILABILITY = YES_AGGRESSIVE;
				CLANG_WARN_UNREACHABLE_CODE = YES;
				CLANG_WARN__DUPLICATE_METHOD_MATCH = YES;
				CODE_SIGN_IDENTITY = "iPhone Developer";
				COPY_PHASE_STRIP = NO;
				DEBUG_INFORMATION_FORMAT = "dwarf-with-dsym";
				ENABLE_NS_ASSERTIONS = NO;
				ENABLE_STRICT_OBJC_MSGSEND = YES;
				GCC_C_LANGUAGE_STANDARD = gnu11;
				GCC_NO_COMMON_BLOCKS = YES;
				GCC_WARN_64_TO_32_BIT_CONVERSION = YES;
				GCC_WARN_ABOUT_RETURN_TYPE = YES_ERROR;
				GCC_WARN_UNDECLARED_SELECTOR = YES;
				GCC_WARN_UNINITIALIZED_AUTOS = YES_AGGRESSIVE;
				GCC_WARN_UNUSED_FUNCTION = YES;
				GCC_WARN_UNUSED_VARIABLE = YES;
				IPHONEOS_DEPLOYMENT_TARGET = 11.4;
				MTL_ENABLE_DEBUG_INFO = NO;
				SDKROOT = iphoneos;
				SWIFT_COMPILATION_MODE = wholemodule;
				SWIFT_OPTIMIZATION_LEVEL = "-O";
				VALIDATE_PRODUCT = YES;
			};
			name = Release;
		};
		6C0D31B220DD8E14001B27F9 /* Debug */ = {
			isa = XCBuildConfiguration;
			baseConfigurationReference = BABF1F553F860D12D86F1CB5 /* Pods-ChatApp.debug.xcconfig */;
			buildSettings = {
				ASSETCATALOG_COMPILER_APPICON_NAME = AppIcon;
				CODE_SIGN_STYLE = Automatic;
				DEVELOPMENT_TEAM = G9EVQJ4C2M;
				INFOPLIST_FILE = ChatApp/Info.plist;
				LD_RUNPATH_SEARCH_PATHS = (
					"$(inherited)",
					"@executable_path/Frameworks",
				);
				PRODUCT_BUNDLE_IDENTIFIER = com.ChatApp;
				PRODUCT_NAME = "$(TARGET_NAME)";
				SWIFT_VERSION = 4.0;
				TARGETED_DEVICE_FAMILY = "1,2";
			};
			name = Debug;
		};
		6C0D31B320DD8E14001B27F9 /* Release */ = {
			isa = XCBuildConfiguration;
			baseConfigurationReference = 68461C42459AFFA9C9CD0BBE /* Pods-ChatApp.release.xcconfig */;
			buildSettings = {
				ASSETCATALOG_COMPILER_APPICON_NAME = AppIcon;
				CODE_SIGN_STYLE = Automatic;
				DEVELOPMENT_TEAM = G9EVQJ4C2M;
				INFOPLIST_FILE = ChatApp/Info.plist;
				LD_RUNPATH_SEARCH_PATHS = (
					"$(inherited)",
					"@executable_path/Frameworks",
				);
				PRODUCT_BUNDLE_IDENTIFIER = com.ChatApp;
				PRODUCT_NAME = "$(TARGET_NAME)";
				SWIFT_VERSION = 4.0;
				TARGETED_DEVICE_FAMILY = "1,2";
			};
			name = Release;
		};
/* End XCBuildConfiguration section */

/* Begin XCConfigurationList section */
		6C0D319720DD8E0A001B27F9 /* Build configuration list for PBXProject "ChatApp" */ = {
			isa = XCConfigurationList;
			buildConfigurations = (
				6C0D31AF20DD8E14001B27F9 /* Debug */,
				6C0D31B020DD8E14001B27F9 /* Release */,
			);
			defaultConfigurationIsVisible = 0;
			defaultConfigurationName = Release;
		};
		6C0D31B120DD8E14001B27F9 /* Build configuration list for PBXNativeTarget "ChatApp" */ = {
			isa = XCConfigurationList;
			buildConfigurations = (
				6C0D31B220DD8E14001B27F9 /* Debug */,
				6C0D31B320DD8E14001B27F9 /* Release */,
			);
			defaultConfigurationIsVisible = 0;
			defaultConfigurationName = Release;
		};
/* End XCConfigurationList section */

/* Begin XCVersionGroup section */
		6C0D31A620DD8E0A001B27F9 /* ChatApp.xcdatamodeld */ = {
			isa = XCVersionGroup;
			children = (
				6C0D31A720DD8E0A001B27F9 /* ChatApp.xcdatamodel */,
			);
			currentVersion = 6C0D31A720DD8E0A001B27F9 /* ChatApp.xcdatamodel */;
			path = ChatApp.xcdatamodeld;
			sourceTree = "<group>";
			versionGroupType = wrapper.xcdatamodel;
		};
/* End XCVersionGroup section */
	};
	rootObject = 6C0D319420DD8E0A001B27F9 /* Project object */;
}
